// !$*UTF8*$!
{
	archiveVersion = 1;
	classes = {
	};
	objectVersion = 46;
	objects = {

/* Begin PBXBuildFile section */
		64752BDC1A368B4E00526797 /* Foundation.framework in Frameworks */ = {isa = PBXBuildFile; fileRef = 64752BDB1A368B4E00526797 /* Foundation.framework */; };
		64752BDE1A368B4E00526797 /* CoreGraphics.framework in Frameworks */ = {isa = PBXBuildFile; fileRef = 64752BDD1A368B4E00526797 /* CoreGraphics.framework */; };
		64752BE01A368B4E00526797 /* UIKit.framework in Frameworks */ = {isa = PBXBuildFile; fileRef = 64752BDF1A368B4E00526797 /* UIKit.framework */; };
		64752BE61A368B4E00526797 /* InfoPlist.strings in Resources */ = {isa = PBXBuildFile; fileRef = 64752BE41A368B4E00526797 /* InfoPlist.strings */; };
		64752BE81A368B4E00526797 /* main.m in Sources */ = {isa = PBXBuildFile; fileRef = 64752BE71A368B4E00526797 /* main.m */; };
		64752BEC1A368B4E00526797 /* LZXAppDelegate.m in Sources */ = {isa = PBXBuildFile; fileRef = 64752BEB1A368B4E00526797 /* LZXAppDelegate.m */; };
		64752BEE1A368B4E00526797 /* Images.xcassets in Resources */ = {isa = PBXBuildFile; fileRef = 64752BED1A368B4E00526797 /* Images.xcassets */; };
		64752BF51A368B4E00526797 /* XCTest.framework in Frameworks */ = {isa = PBXBuildFile; fileRef = 64752BF41A368B4E00526797 /* XCTest.framework */; };
		64752BF61A368B4E00526797 /* Foundation.framework in Frameworks */ = {isa = PBXBuildFile; fileRef = 64752BDB1A368B4E00526797 /* Foundation.framework */; };
		64752BF71A368B4E00526797 /* UIKit.framework in Frameworks */ = {isa = PBXBuildFile; fileRef = 64752BDF1A368B4E00526797 /* UIKit.framework */; };
		64752BFF1A368B4E00526797 /* InfoPlist.strings in Resources */ = {isa = PBXBuildFile; fileRef = 64752BFD1A368B4E00526797 /* InfoPlist.strings */; };
		64752C011A368B4E00526797 /* _Block____Tests.m in Sources */ = {isa = PBXBuildFile; fileRef = 64752C001A368B4E00526797 /* _Block____Tests.m */; };
/* End PBXBuildFile section */

/* Begin PBXContainerItemProxy section */
		64752BF81A368B4E00526797 /* PBXContainerItemProxy */ = {
			isa = PBXContainerItemProxy;
			containerPortal = 64752BD01A368B4E00526797 /* Project object */;
			proxyType = 1;
			remoteGlobalIDString = 64752BD71A368B4E00526797;
			remoteInfo = "2Block基本语法";
		};
/* End PBXContainerItemProxy section */

/* Begin PBXFileReference section */
		64752BD81A368B4E00526797 /* 2Block基本语法.app */ = {isa = PBXFileReference; explicitFileType = wrapper.application; includeInIndex = 0; path = "2Block基本语法.app"; sourceTree = BUILT_PRODUCTS_DIR; };
		64752BDB1A368B4E00526797 /* Foundation.framework */ = {isa = PBXFileReference; lastKnownFileType = wrapper.framework; name = Foundation.framework; path = System/Library/Frameworks/Foundation.framework; sourceTree = SDKROOT; };
		64752BDD1A368B4E00526797 /* CoreGraphics.framework */ = {isa = PBXFileReference; lastKnownFileType = wrapper.framework; name = CoreGraphics.framework; path = System/Library/Frameworks/CoreGraphics.framework; sourceTree = SDKROOT; };
		64752BDF1A368B4E00526797 /* UIKit.framework */ = {isa = PBXFileReference; lastKnownFileType = wrapper.framework; name = UIKit.framework; path = System/Library/Frameworks/UIKit.framework; sourceTree = SDKROOT; };
		64752BE31A368B4E00526797 /* 2Block基本语法-Info.plist */ = {isa = PBXFileReference; lastKnownFileType = text.plist.xml; path = "2Block基本语法-Info.plist"; sourceTree = "<group>"; };
		64752BE51A368B4E00526797 /* en */ = {isa = PBXFileReference; lastKnownFileType = text.plist.strings; name = en; path = en.lproj/InfoPlist.strings; sourceTree = "<group>"; };
		64752BE71A368B4E00526797 /* main.m */ = {isa = PBXFileReference; lastKnownFileType = sourcecode.c.objc; path = main.m; sourceTree = "<group>"; };
		64752BE91A368B4E00526797 /* 2Block基本语法-Prefix.pch */ = {isa = PBXFileReference; lastKnownFileType = sourcecode.c.h; path = "2Block基本语法-Prefix.pch"; sourceTree = "<group>"; };
		64752BEA1A368B4E00526797 /* LZXAppDelegate.h */ = {isa = PBXFileReference; lastKnownFileType = sourcecode.c.h; path = LZXAppDelegate.h; sourceTree = "<group>"; };
		64752BEB1A368B4E00526797 /* LZXAppDelegate.m */ = {isa = PBXFileReference; lastKnownFileType = sourcecode.c.objc; path = LZXAppDelegate.m; sourceTree = "<group>"; };
		64752BED1A368B4E00526797 /* Images.xcassets */ = {isa = PBXFileReference; lastKnownFileType = folder.assetcatalog; path = Images.xcassets; sourceTree = "<group>"; };
		64752BF31A368B4E00526797 /* 2Block基本语法Tests.xctest */ = {isa = PBXFileReference; explicitFileType = wrapper.cfbundle; includeInIndex = 0; path = "2Block基本语法Tests.xctest"; sourceTree = BUILT_PRODUCTS_DIR; };
		64752BF41A368B4E00526797 /* XCTest.framework */ = {isa = PBXFileReference; lastKnownFileType = wrapper.framework; name = XCTest.framework; path = Library/Frameworks/XCTest.framework; sourceTree = DEVELOPER_DIR; };
		64752BFC1A368B4E00526797 /* 2Block基本语法Tests-Info.plist */ = {isa = PBXFileReference; lastKnownFileType = text.plist.xml; path = "2Block基本语法Tests-Info.plist"; sourceTree = "<group>"; };
		64752BFE1A368B4E00526797 /* en */ = {isa = PBXFileReference; lastKnownFileType = text.plist.strings; name = en; path = en.lproj/InfoPlist.strings; sourceTree = "<group>"; };
		64752C001A368B4E00526797 /* _Block____Tests.m */ = {isa = PBXFileReference; lastKnownFileType = sourcecode.c.objc; path = "_Block____Tests.m"; sourceTree = "<group>"; };
/* End PBXFileReference section */

/* Begin PBXFrameworksBuildPhase section */
		64752BD51A368B4E00526797 /* Frameworks */ = {
			isa = PBXFrameworksBuildPhase;
			buildActionMask = 2147483647;
			files = (
				64752BDE1A368B4E00526797 /* CoreGraphics.framework in Frameworks */,
				64752BE01A368B4E00526797 /* UIKit.framework in Frameworks */,
				64752BDC1A368B4E00526797 /* Foundation.framework in Frameworks */,
			);
			runOnlyForDeploymentPostprocessing = 0;
		};
		64752BF01A368B4E00526797 /* Frameworks */ = {
			isa = PBXFrameworksBuildPhase;
			buildActionMask = 2147483647;
			files = (
				64752BF51A368B4E00526797 /* XCTest.framework in Frameworks */,
				64752BF71A368B4E00526797 /* UIKit.framework in Frameworks */,
				64752BF61A368B4E00526797 /* Foundation.framework in Frameworks */,
			);
			runOnlyForDeploymentPostprocessing = 0;
		};
/* End PBXFrameworksBuildPhase section */

/* Begin PBXGroup section */
		64752BCF1A368B4E00526797 = {
			isa = PBXGroup;
			children = (
				64752BE11A368B4E00526797 /* 2Block基本语法 */,
				64752BFA1A368B4E00526797 /* 2Block基本语法Tests */,
				64752BDA1A368B4E00526797 /* Frameworks */,
				64752BD91A368B4E00526797 /* Products */,
			);
			sourceTree = "<group>";
		};
		64752BD91A368B4E00526797 /* Products */ = {
			isa = PBXGroup;
			children = (
				64752BD81A368B4E00526797 /* 2Block基本语法.app */,
				64752BF31A368B4E00526797 /* 2Block基本语法Tests.xctest */,
			);
			name = Products;
			sourceTree = "<group>";
		};
		64752BDA1A368B4E00526797 /* Frameworks */ = {
			isa = PBXGroup;
			children = (
				64752BDB1A368B4E00526797 /* Foundation.framework */,
				64752BDD1A368B4E00526797 /* CoreGraphics.framework */,
				64752BDF1A368B4E00526797 /* UIKit.framework */,
				64752BF41A368B4E00526797 /* XCTest.framework */,
			);
			name = Frameworks;
			sourceTree = "<group>";
		};
		64752BE11A368B4E00526797 /* 2Block基本语法 */ = {
			isa = PBXGroup;
			children = (
				64752BEA1A368B4E00526797 /* LZXAppDelegate.h */,
				64752BEB1A368B4E00526797 /* LZXAppDelegate.m */,
				64752BED1A368B4E00526797 /* Images.xcassets */,
				64752BE21A368B4E00526797 /* Supporting Files */,
			);
			path = "2Block基本语法";
			sourceTree = "<group>";
		};
		64752BE21A368B4E00526797 /* Supporting Files */ = {
			isa = PBXGroup;
			children = (
				64752BE31A368B4E00526797 /* 2Block基本语法-Info.plist */,
				64752BE41A368B4E00526797 /* InfoPlist.strings */,
				64752BE71A368B4E00526797 /* main.m */,
				64752BE91A368B4E00526797 /* 2Block基本语法-Prefix.pch */,
			);
			name = "Supporting Files";
			sourceTree = "<group>";
		};
		64752BFA1A368B4E00526797 /* 2Block基本语法Tests */ = {
			isa = PBXGroup;
			children = (
				64752C001A368B4E00526797 /* _Block____Tests.m */,
				64752BFB1A368B4E00526797 /* Supporting Files */,
			);
			path = "2Block基本语法Tests";
			sourceTree = "<group>";
		};
		64752BFB1A368B4E00526797 /* Supporting Files */ = {
			isa = PBXGroup;
			children = (
				64752BFC1A368B4E00526797 /* 2Block基本语法Tests-Info.plist */,
				64752BFD1A368B4E00526797 /* InfoPlist.strings */,
			);
			name = "Supporting Files";
			sourceTree = "<group>";
		};
/* End PBXGroup section */

/* Begin PBXNativeTarget section */
		64752BD71A368B4E00526797 /* 2Block基本语法 */ = {
			isa = PBXNativeTarget;
			buildConfigurationList = 64752C041A368B4E00526797 /* Build configuration list for PBXNativeTarget "2Block基本语法" */;
			buildPhases = (
				64752BD41A368B4E00526797 /* Sources */,
				64752BD51A368B4E00526797 /* Frameworks */,
				64752BD61A368B4E00526797 /* Resources */,
			);
			buildRules = (
			);
			dependencies = (
			);
			name = "2Block基本语法";
			productName = "2Block基本语法";
			productReference = 64752BD81A368B4E00526797 /* 2Block基本语法.app */;
			productType = "com.apple.product-type.application";
		};
		64752BF21A368B4E00526797 /* 2Block基本语法Tests */ = {
			isa = PBXNativeTarget;
			buildConfigurationList = 64752C071A368B4E00526797 /* Build configuration list for PBXNativeTarget "2Block基本语法Tests" */;
			buildPhases = (
				64752BEF1A368B4E00526797 /* Sources */,
				64752BF01A368B4E00526797 /* Frameworks */,
				64752BF11A368B4E00526797 /* Resources */,
			);
			buildRules = (
			);
			dependencies = (
				64752BF91A368B4E00526797 /* PBXTargetDependency */,
			);
			name = "2Block基本语法Tests";
			productName = "2Block基本语法Tests";
			productReference = 64752BF31A368B4E00526797 /* 2Block基本语法Tests.xctest */;
			productType = "com.apple.product-type.bundle.unit-test";
		};
/* End PBXNativeTarget section */

/* Begin PBXProject section */
		64752BD01A368B4E00526797 /* Project object */ = {
			isa = PBXProject;
			attributes = {
				CLASSPREFIX = LZX;
				LastUpgradeCheck = 0510;
				ORGANIZATIONNAME = LZXuan;
				TargetAttributes = {
					64752BF21A368B4E00526797 = {
						TestTargetID = 64752BD71A368B4E00526797;
					};
				};
			};
			buildConfigurationList = 64752BD31A368B4E00526797 /* Build configuration list for PBXProject "2Block基本语法" */;
			compatibilityVersion = "Xcode 3.2";
			developmentRegion = English;
			hasScannedForEncodings = 0;
			knownRegions = (
				en,
			);
			mainGroup = 64752BCF1A368B4E00526797;
			productRefGroup = 64752BD91A368B4E00526797 /* Products */;
			projectDirPath = "";
			projectRoot = "";
			targets = (
				64752BD71A368B4E00526797 /* 2Block基本语法 */,
				64752BF21A368B4E00526797 /* 2Block基本语法Tests */,
			);
		};
/* End PBXProject section */

/* Begin PBXResourcesBuildPhase section */
		64752BD61A368B4E00526797 /* Resources */ = {
			isa = PBXResourcesBuildPhase;
			buildActionMask = 2147483647;
			files = (
				64752BE61A368B4E00526797 /* InfoPlist.strings in Resources */,
				64752BEE1A368B4E00526797 /* Images.xcassets in Resources */,
			);
			runOnlyForDeploymentPostprocessing = 0;
		};
		64752BF11A368B4E00526797 /* Resources */ = {
			isa = PBXResourcesBuildPhase;
			buildActionMask = 2147483647;
			files = (
				64752BFF1A368B4E00526797 /* InfoPlist.strings in Resources */,
			);
			runOnlyForDeploymentPostprocessing = 0;
		};
/* End PBXResourcesBuildPhase section */

/* Begin PBXSourcesBuildPhase section */
		64752BD41A368B4E00526797 /* Sources */ = {
			isa = PBXSourcesBuildPhase;
			buildActionMask = 2147483647;
			files = (
				64752BE81A368B4E00526797 /* main.m in Sources */,
				64752BEC1A368B4E00526797 /* LZXAppDelegate.m in Sources */,
			);
			runOnlyForDeploymentPostprocessing = 0;
		};
		64752BEF1A368B4E00526797 /* Sources */ = {
			isa = PBXSourcesBuildPhase;
			buildActionMask = 2147483647;
			files = (
				64752C011A368B4E00526797 /* _Block____Tests.m in Sources */,
			);
			runOnlyForDeploymentPostprocessing = 0;
		};
/* End PBXSourcesBuildPhase section */

/* Begin PBXTargetDependency section */
		64752BF91A368B4E00526797 /* PBXTargetDependency */ = {
			isa = PBXTargetDependency;
			target = 64752BD71A368B4E00526797 /* 2Block基本语法 */;
			targetProxy = 64752BF81A368B4E00526797 /* PBXContainerItemProxy */;
		};
/* End PBXTargetDependency section */

/* Begin PBXVariantGroup section */
		64752BE41A368B4E00526797 /* InfoPlist.strings */ = {
			isa = PBXVariantGroup;
			children = (
				64752BE51A368B4E00526797 /* en */,
			);
			name = InfoPlist.strings;
			sourceTree = "<group>";
		};
		64752BFD1A368B4E00526797 /* InfoPlist.strings */ = {
			isa = PBXVariantGroup;
			children = (
				64752BFE1A368B4E00526797 /* en */,
			);
			name = InfoPlist.strings;
			sourceTree = "<group>";
		};
/* End PBXVariantGroup section */

/* Begin XCBuildConfiguration section */
		64752C021A368B4E00526797 /* Debug */ = {
			isa = XCBuildConfiguration;
			buildSettings = {
				ALWAYS_SEARCH_USER_PATHS = NO;
				CLANG_CXX_LANGUAGE_STANDARD = "gnu++0x";
				CLANG_CXX_LIBRARY = "libc++";
				CLANG_ENABLE_MODULES = YES;
				CLANG_ENABLE_OBJC_ARC = YES;
				CLANG_WARN_BOOL_CONVERSION = YES;
				CLANG_WARN_CONSTANT_CONVERSION = YES;
				CLANG_WARN_DIRECT_OBJC_ISA_USAGE = YES_ERROR;
				CLANG_WARN_EMPTY_BODY = YES;
				CLANG_WARN_ENUM_CONVERSION = YES;
				CLANG_WARN_INT_CONVERSION = YES;
				CLANG_WARN_OBJC_ROOT_CLASS = YES_ERROR;
				CLANG_WARN__DUPLICATE_METHOD_MATCH = YES;
				"CODE_SIGN_IDENTITY[sdk=iphoneos*]" = "iPhone Developer";
				COPY_PHASE_STRIP = NO;
				GCC_C_LANGUAGE_STANDARD = gnu99;
				GCC_DYNAMIC_NO_PIC = NO;
				GCC_OPTIMIZATION_LEVEL = 0;
				GCC_PREPROCESSOR_DEFINITIONS = (
					"DEBUG=1",
					"$(inherited)",
				);
				GCC_SYMBOLS_PRIVATE_EXTERN = NO;
				GCC_WARN_64_TO_32_BIT_CONVERSION = YES;
				GCC_WARN_ABOUT_RETURN_TYPE = YES_ERROR;
				GCC_WARN_UNDECLARED_SELECTOR = YES;
				GCC_WARN_UNINITIALIZED_AUTOS = YES_AGGRESSIVE;
				GCC_WARN_UNUSED_FUNCTION = YES;
				GCC_WARN_UNUSED_VARIABLE = YES;
				IPHONEOS_DEPLOYMENT_TARGET = 7.1;
				ONLY_ACTIVE_ARCH = YES;
				SDKROOT = iphoneos;
			};
			name = Debug;
		};
		64752C031A368B4E00526797 /* Release */ = {
			isa = XCBuildConfiguration;
			buildSettings = {
				ALWAYS_SEARCH_USER_PATHS = NO;
				CLANG_CXX_LANGUAGE_STANDARD = "gnu++0x";
				CLANG_CXX_LIBRARY = "libc++";
				CLANG_ENABLE_MODULES = YES;
				CLANG_ENABLE_OBJC_ARC = YES;
				CLANG_WARN_BOOL_CONVERSION = YES;
				CLANG_WARN_CONSTANT_CONVERSION = YES;
				CLANG_WARN_DIRECT_OBJC_ISA_USAGE = YES_ERROR;
				CLANG_WARN_EMPTY_BODY = YES;
				CLANG_WARN_ENUM_CONVERSION = YES;
				CLANG_WARN_INT_CONVERSION = YES;
				CLANG_WARN_OBJC_ROOT_CLASS = YES_ERROR;
				CLANG_WARN__DUPLICATE_METHOD_MATCH = YES;
				"CODE_SIGN_IDENTITY[sdk=iphoneos*]" = "iPhone Developer";
				COPY_PHASE_STRIP = YES;
				ENABLE_NS_ASSERTIONS = NO;
				GCC_C_LANGUAGE_STANDARD = gnu99;
				GCC_WARN_64_TO_32_BIT_CONVERSION = YES;
				GCC_WARN_ABOUT_RETURN_TYPE = YES_ERROR;
				GCC_WARN_UNDECLARED_SELECTOR = YES;
				GCC_WARN_UNINITIALIZED_AUTOS = YES_AGGRESSIVE;
				GCC_WARN_UNUSED_FUNCTION = YES;
				GCC_WARN_UNUSED_VARIABLE = YES;
				IPHONEOS_DEPLOYMENT_TARGET = 7.1;
				SDKROOT = iphoneos;
				VALIDATE_PRODUCT = YES;
			};
			name = Release;
		};
		64752C051A368B4E00526797 /* Debug */ = {
			isa = XCBuildConfiguration;
			buildSettings = {
				ASSETCATALOG_COMPILER_APPICON_NAME = AppIcon;
				ASSETCATALOG_COMPILER_LAUNCHIMAGE_NAME = LaunchImage;
				CLANG_ENABLE_OBJC_ARC = NO;
				GCC_PRECOMPILE_PREFIX_HEADER = YES;
				GCC_PREFIX_HEADER = "2Block基本语法/2Block基本语法-Prefix.pch";
				INFOPLIST_FILE = "2Block基本语法/2Block基本语法-Info.plist";
				PRODUCT_NAME = "$(TARGET_NAME)";
				WRAPPER_EXTENSION = app;
			};
			name = Debug;
		};
		64752C061A368B4E00526797 /* Release */ = {
			isa = XCBuildConfiguration;
			buildSettings = {
				ASSETCATALOG_COMPILER_APPICON_NAME = AppIcon;
				ASSETCATALOG_COMPILER_LAUNCHIMAGE_NAME = LaunchImage;
				CLANG_ENABLE_OBJC_ARC = NO;
				GCC_PRECOMPILE_PREFIX_HEADER = YES;
				GCC_PREFIX_HEADER = "2Block基本语法/2Block基本语法-Prefix.pch";
				INFOPLIST_FILE = "2Block基本语法/2Block基本语法-Info.plist";
				PRODUCT_NAME = "$(TARGET_NAME)";
				WRAPPER_EXTENSION = app;
			};
			name = Release;
		};
		64752C081A368B4E00526797 /* Debug */ = {
			isa = XCBuildConfiguration;
			buildSettings = {
				BUNDLE_LOADER = "$(BUILT_PRODUCTS_DIR)/2Block基本语法.app/2Block基本语法";
				FRAMEWORK_SEARCH_PATHS = (
					"$(SDKROOT)/Developer/Library/Frameworks",
					"$(inherited)",
					"$(DEVELOPER_FRAMEWORKS_DIR)",
				);
				GCC_PRECOMPILE_PREFIX_HEADER = YES;
				GCC_PREFIX_HEADER = "2Block基本语法/2Block基本语法-Prefix.pch";
				GCC_PREPROCESSOR_DEFINITIONS = (
					"DEBUG=1",
					"$(inherited)",
				);
				INFOPLIST_FILE = "2Block基本语法Tests/2Block基本语法Tests-Info.plist";
				PRODUCT_NAME = "$(TARGET_NAME)";
				TEST_HOST = "$(BUNDLE_LOADER)";
				WRAPPER_EXTENSION = xctest;
			};
			name = Debug;
		};
		64752C091A368B4E00526797 /* Release */ = {
			isa = XCBuildConfiguration;
			buildSettings = {
				BUNDLE_LOADER = "$(BUILT_PRODUCTS_DIR)/2Block基本语法.app/2Block基本语法";
				FRAMEWORK_SEARCH_PATHS = (
					"$(SDKROOT)/Developer/Library/Frameworks",
					"$(inherited)",
					"$(DEVELOPER_FRAMEWORKS_DIR)",
				);
				GCC_PRECOMPILE_PREFIX_HEADER = YES;
				GCC_PREFIX_HEADER = "2Block基本语法/2Block基本语法-Prefix.pch";
				INFOPLIST_FILE = "2Block基本语法Tests/2Block基本语法Tests-Info.plist";
				PRODUCT_NAME = "$(TARGET_NAME)";
				TEST_HOST = "$(BUNDLE_LOADER)";
				WRAPPER_EXTENSION = xctest;
			};
			name = Release;
		};
/* End XCBuildConfiguration section */

/* Begin XCConfigurationList section */
		64752BD31A368B4E00526797 /* Build configuration list for PBXProject "2Block基本语法" */ = {
			isa = XCConfigurationList;
			buildConfigurations = (
				64752C021A368B4E00526797 /* Debug */,
				64752C031A368B4E00526797 /* Release */,
			);
			defaultConfigurationIsVisible = 0;
			defaultConfigurationName = Release;
		};
		64752C041A368B4E00526797 /* Build configuration list for PBXNativeTarget "2Block基本语法" */ = {
			isa = XCConfigurationList;
			buildConfigurations = (
				64752C051A368B4E00526797 /* Debug */,
				64752C061A368B4E00526797 /* Release */,
			);
			defaultConfigurationIsVisible = 0;
		};
		64752C071A368B4E00526797 /* Build configuration list for PBXNativeTarget "2Block基本语法Tests" */ = {
			isa = XCConfigurationList;
			buildConfigurations = (
				64752C081A368B4E00526797 /* Debug */,
				64752C091A368B4E00526797 /* Release */,
			);
			defaultConfigurationIsVisible = 0;
		};
/* End XCConfigurationList section */
	};
	rootObject = 64752BD01A368B4E00526797 /* Project object */;
}
